
Microsoft Visual Studio Solution File, Format Version 12.00
# Visual Studio Version 17
VisualStudioVersion = 17.14.36623.8 d17.14
MinimumVisualStudioVersion = 10.0.40219.1
Project("{888888A0-9F3D-457C-B088-3A5042F75D52}") = "qwen_vision", "qwen_vision\qwen_vision.pyproj", "{10271865-C31F-4B0D-A7F0-A763FE188BE8}"
EndProject
Global
	GlobalSection(SolutionConfigurationPlatforms) = preSolution
		Debug|Any CPU = Debug|Any CPU
		Release|Any CPU = Release|Any CPU
	EndGlobalSection
	GlobalSection(ProjectConfigurationPlatforms) = postSolution
		{10271865-C31F-4B0D-A7F0-A763FE188BE8}.Debug|Any CPU.ActiveCfg = Debug|Any CPU
		{10271865-C31F-4B0D-A7F0-A763FE188BE8}.Release|Any CPU.ActiveCfg = Release|Any CPU
	EndGlobalSection
	GlobalSection(SolutionProperties) = preSolution
		HideSolutionNode = FALSE
	EndGlobalSection
	GlobalSection(ExtensibilityGlobals) = postSolution
		SolutionGuid = {0D968E34-C9E7-4F5B-992F-AE9C02690615}
	EndGlobalSection
EndGlobal
